\chapter*{Chapter 1\ Solutions}
\addcontentsline{toc}{chapter}{Chapter 1\ Solutions}
\section*{P1.1 {\footnotesize(prob:P1.1) \normalsize}}
 \addcontentsline{toc}{section}{prob:P1.1}
 \begin{itemize}
 \item[]
 \InputIfFileExists{solutions/prob:P1.1}{}{No Solution File Found}
 \markboth{Solutions for Chapter \thechapter}{P1.1}
 \end{itemize} \hrule
\section*{L1.2 {\footnotesize(M) \normalsize}}
 \addcontentsline{toc}{section}{M}
 \begin{itemize}
 \item[]
 \InputIfFileExists{solutions/M}{}{No Solution File Found}
 \markboth{Solutions for Chapter \thechapter}{L1.2}
 \end{itemize} \hrule
